<?xml version="1.0" encoding="utf-8"?>
<Project ToolsVersion="4.0" xmlns="http://schemas.microsoft.com/developer/msbuild/2003">
  <ItemGroup>
    <ClCompile Include="A101149.cpp" />
    <ClCompile Include="A615.cpp" />
    <ClCompile Include="A617.cpp" />
    <ClCompile Include="A621.cpp" />
    <ClCompile Include="A625.cpp" />
    <ClCompile Include="A629.cpp" />
    <ClCompile Include="A631.cpp" />
    <ClCompile Include="A659.cpp" />
    <ClCompile Include="A675.cpp" />
    <ClCompile Include="A677.cpp" />
    <ClCompile Include="A688.cpp" />
    <ClCompile Include="A706.cpp" />
    <ClCompile Include="A711.cpp" />
    <ClCompile Include="A712.cpp" />
    <ClCompile Include="A714.cpp" />
    <ClCompile Include="A721.cpp" />
    <ClCompile Include="A731.cpp" />
    <ClCompile Include="A732.cpp" />
    <ClCompile Include="A733.cpp" />
    <ClCompile Include="A734.cpp" />
    <ClCompile Include="A738.cpp" />
    <ClCompile Include="A740.cpp" />
    <ClCompile Include="A735.cpp" />
    <ClCompile Include="B101149.cpp" />
    <ClCompile Include="B118.cpp" />
    <ClCompile Include="A136.cpp" />
    <ClCompile Include="A148.cpp" />
    <ClCompile Include="A189.cpp" />
    <ClCompile Include="A214.cpp" />
    <ClCompile Include="A230.cpp" />
    <ClCompile Include="A236.cpp" />
    <ClCompile Include="A144.cpp" />
    <ClCompile Include="A158.cpp" />
    <ClCompile Include="A499.cpp" />
    <ClCompile Include="A591.cpp" />
    <ClCompile Include="A598.cpp" />
    <ClCompile Include="B158.cpp" />
    <ClCompile Include="A160.cpp" />
    <ClCompile Include="A1.cpp" />
    <ClCompile Include="A25.cpp" />
    <ClCompile Include="B200.cpp" />
    <ClCompile Include="B230.cpp" />
    <ClCompile Include="B266.cpp" />
    <ClCompile Include="A337.cpp" />
    <ClCompile Include="A405.cpp" />
    <ClCompile Include="A432.cpp" />
    <ClCompile Include="A439.cpp" />
    <ClCompile Include="A443.cpp" />
    <ClCompile Include="A490.cpp" />
    <ClCompile Include="B313.cpp" />
    <ClCompile Include="B34.cpp" />
    <ClCompile Include="B368.cpp" />
    <ClCompile Include="B459.cpp" />
    <ClCompile Include="B467.cpp" />
    <ClCompile Include="B474.cpp" />
    <ClCompile Include="B478.cpp" />
    <ClCompile Include="B489NOTCOMPLETE.cpp" />
    <ClCompile Include="B492.cpp" />
    <ClCompile Include="A500.cpp" />
    <ClCompile Include="A509.cpp" />
    <ClCompile Include="A50.cpp" />
    <ClCompile Include="A510.cpp" />
    <ClCompile Include="A519.cpp" />
    <ClCompile Include="A520.cpp" />
    <ClCompile Include="A556.cpp" />
    <ClCompile Include="A580.cpp" />
    <ClCompile Include="A716.cpp" />
    <ClCompile Include="A719.cpp" />
    <ClCompile Include="B499.cpp" />
    <ClCompile Include="B508.cpp" />
    <ClCompile Include="B509.cpp" />
    <ClCompile Include="B519.cpp" />
    <ClCompile Include="B545.cpp" />
    <ClCompile Include="B580.cpp" />
    <ClCompile Include="B581.cpp" />
    <ClCompile Include="B615.cpp" />
    <ClCompile Include="B617.cpp" />
    <ClCompile Include="B621.cpp" />
    <ClCompile Include="B625.cpp" />
    <ClCompile Include="B629.cpp" />
    <ClCompile Include="B631.cpp" />
    <ClCompile Include="B659.cpp" />
    <ClCompile Include="B675.cpp" />
    <ClCompile Include="B677.cpp" />
    <ClCompile Include="B679.cpp" />
    <ClCompile Include="B682.cpp" />
    <ClCompile Include="B688.cpp" />
    <ClCompile Include="B706.cpp" />
    <ClCompile Include="B707.cpp" />
    <ClCompile Include="B711.cpp" />
    <ClCompile Include="B712.cpp" />
    <ClCompile Include="B714.cpp" />
    <ClCompile Include="B721.cpp" />
    <ClCompile Include="B731.cpp" />
    <ClCompile Include="B732.cpp" />
    <ClCompile Include="B733.cpp" />
    <ClCompile Include="B734.cpp" />
    <ClCompile Include="B735.cpp" />
    <ClCompile Include="B738.cpp" />
    <ClCompile Include="B740.cpp" />
    <ClCompile Include="C101149.cpp" />
    <ClCompile Include="C479.cpp" />
    <ClCompile Include="C489.cpp" />
    <ClCompile Include="C499.cpp" />
    <ClCompile Include="C515.cpp" />
    <ClCompile Include="C519.cpp" />
    <ClCompile Include="C617.cpp" />
    <ClCompile Include="C621.cpp" />
    <ClCompile Include="C631.cpp" />
    <ClCompile Include="C659.cpp" />
    <ClCompile Include="C675.cpp" />
    <ClCompile Include="A682.cpp" />
    <ClCompile Include="C706.cpp" />
    <ClCompile Include="C734.cpp" />
    <ClCompile Include="C738.cpp" />
    <ClCompile Include="C740.cpp" />
    <ClCompile Include="D675NOTCOMPLETE.cpp" />
    <ClCompile Include="C707.cpp" />
    <ClCompile Include="C711.cpp" />
    <ClCompile Include="C712.cpp" />
    <ClCompile Include="C714.cpp" />
    <ClCompile Include="C732.cpp" />
    <ClCompile Include="D545.cpp" />
    <ClCompile Include="A707.cpp" />
    <ClCompile Include="D659.cpp" />
    <ClCompile Include="D721NOTCOMPLETE.cpp" />
    <ClCompile Include="E101149.cpp" />
    <ClCompile Include="fun.cpp" />
    <ClCompile Include="I101149.cpp" />
    <ClCompile Include="RMQ.cpp" />
    <ClCompile Include="template.cpp" />
    <ClCompile Include="D735.cpp" />
    <ClCompile Include="C735.cpp" />
    <ClCompile Include="A389.cpp" />
    <ClCompile Include="B389.cpp" />
    <ClCompile Include="C389.cpp" />
    <ClCompile Include="A507.cpp" />
    <ClCompile Include="B507.cpp" />
    <ClCompile Include="MaxFlowFF.cpp" />
    <ClCompile Include="C507.cpp" />
    <ClCompile Include="A723.cpp" />
    <ClCompile Include="B723.cpp" />
    <ClCompile Include="C723.cpp" />
    <ClCompile Include="A742.cpp" />
    <ClCompile Include="B742.cpp" />
    <ClCompile Include="C742.cpp" />
    <ClCompile Include="lcm.cpp" />
    <ClCompile Include="A584.cpp" />
    <ClCompile Include="B548.cpp" />
    <ClCompile Include="B520.cpp" />
    <ClCompile Include="C520.cpp" />
    <ClCompile Include="A651.cpp" />
    <ClCompile Include="B651.cpp" />
    <ClCompile Include="C743.cpp" />
    <ClCompile Include="A743.cpp" />
    <ClCompile Include="B743.cpp" />
    <ClCompile Include="C651.cpp" />
    <ClCompile Include="A745.cpp" />
    <ClCompile Include="B745.cpp" />
    <ClCompile Include="A746.cpp" />
    <ClCompile Include="B746.cpp" />
    <ClCompile Include="C746.cpp" />
    <ClCompile Include="D746.cpp" />
    <ClCompile Include="E746.cpp" />
    <ClCompile Include="A747.cpp" />
    <ClCompile Include="B747.cpp" />
    <ClCompile Include="C747.cpp" />
    <ClCompile Include="D747.cpp" />
    <ClCompile Include="A749.cpp" />
    <ClCompile Include="B749.cpp" />
    <ClCompile Include="C749.cpp" />
    <ClCompile Include="D749.cpp" />
    <ClCompile Include="A701.cpp" />
    <ClCompile Include="B701.cpp" />
    <ClCompile Include="C701.cpp" />
    <ClCompile Include="KruskalMST.cpp" />
    <ClCompile Include="A752.cpp" />
    <ClCompile Include="B752.cpp" />
    <ClCompile Include="C752.cpp" />
    <ClCompile Include="D752.cpp" />
    <ClCompile Include="A750.cpp" />
    <ClCompile Include="B750.cpp" />
    <ClCompile Include="C750.cpp" />
    <ClCompile Include="D750.cpp" />
    <ClCompile Include="C721.cpp" />
    <ClCompile Include="C731.cpp" />
    <ClCompile Include="C733.cpp" />
    <ClCompile Include="C745.cpp" />
    <ClCompile Include="C629.cpp" />
    <ClCompile Include="A754.cpp" />
    <ClCompile Include="B754.cpp" />
    <ClCompile Include="D754.cpp" />
    <ClCompile Include="C276.cpp" />
    <ClCompile Include="C431.cpp" />
    <ClCompile Include="A570.cpp" />
    <ClCompile Include="B570.cpp" />
    <ClCompile Include="C570.cpp" />
    <ClCompile Include="D570NOTCOMPLETE.cpp" />
    <ClCompile Include="A534.cpp" />
    <ClCompile Include="B534.cpp" />
    <ClCompile Include="C534.cpp" />
    <ClCompile Include="C466.cpp" />
    <ClCompile Include="D466.cpp" />
    <ClCompile Include="Pie.cpp" />
    <ClCompile Include="Lazy.cpp" />
    <ClCompile Include="Zombie.cpp" />
    <ClCompile Include="Creation.cpp" />
    <ClCompile Include="Matt.cpp" />
    <ClCompile Include="C505.cpp" />
    <ClCompile Include="A757.cpp" />
    <ClCompile Include="B757.cpp" />
    <ClCompile Include="C757.cpp" />
    <ClCompile Include="B476.cpp" />
    <ClCompile Include="A702.cpp" />
    <ClCompile Include="Bronze1.cpp" />
    <ClCompile Include="Bronze2.cpp" />
    <ClCompile Include="Bronze3.cpp" />
    <ClCompile Include="PieProgress.cpp" />
    <ClCompile Include="Maniac.cpp" />
    <ClCompile Include="A755.cpp" />
    <ClCompile Include="B755.cpp" />
    <ClCompile Include="C755.cpp" />
    <ClCompile Include="C545.cpp" />
    <ClCompile Include="C699.cpp" />
    <ClCompile Include="D755.cpp" />
    <ClCompile Include="C467.cpp" />
    <ClCompile Include="A758.cpp" />
    <ClCompile Include="B758.cpp" />
    <ClCompile Include="C758NOTCOMPLETE.cpp" />
    <ClCompile Include="A762.cpp" />
    <ClCompile Include="B762.cpp" />
    <ClCompile Include="C762NOTCOMPLETE.cpp" />
    <ClCompile Include="A761.cpp" />
    <ClCompile Include="B761.cpp" />
    <ClCompile Include="C761.cpp" />
    <ClCompile Include="A764.cpp" />
    <ClCompile Include="B764.cpp" />
    <ClCompile Include="C764.cpp" />
    <ClCompile Include="KMP.cpp" />
    <ClCompile Include="A766.cpp" />
    <ClCompile Include="B766.cpp" />
    <ClCompile Include="A664.cpp" />
    <ClCompile Include="C766.cpp" />
    <ClCompile Include="A765.cpp" />
    <ClCompile Include="B765.cpp" />
    <ClCompile Include="D758NOTCOMPLETE.cpp" />
    <ClCompile Include="C765.cpp" />
    <ClCompile Include="D765.cpp" />
    <ClCompile Include="Trie.cpp" />
    <ClCompile Include="D465.cpp" />
    <ClCompile Include="C456.cpp" />
    <ClCompile Include="A767.cpp" />
    <ClCompile Include="B767.cpp" />
    <ClCompile Include="D456NOTCOMPLETE.cpp" />
    <ClCompile Include="CountryLeader.cpp" />
    <ClCompile Include="Vote.cpp" />
    <ClCompile Include="A768.cpp" />
    <ClCompile Include="B768.cpp" />
    <ClCompile Include="A776.cpp" />
    <ClCompile Include="B776.cpp" />
    <ClCompile Include="C776.cpp" />
    <ClCompile Include="A777.cpp" />
    <ClCompile Include="B777.cpp" />
    <ClCompile Include="C777.cpp" />
    <ClCompile Include="D777.cpp" />
    <ClCompile Include="A779.cpp" />
    <ClCompile Include="B779.cpp" />
    <ClCompile Include="C779.cpp" />
    <ClCompile Include="D779.cpp" />
    <ClCompile Include="SquareOff.cpp" />
    <ClCompile Include="Pattern.cpp" />
    <ClCompile Include="CharacterReg.cpp" />
    <ClCompile Include="MaxXor.cpp" />
    <ClCompile Include="ZigZagPrint.cpp" />
    <ClCompile Include="A782.cpp" />
    <ClCompile Include="B782.cpp" />
    <ClCompile Include="C782.cpp" />
    <ClCompile Include="A785.cpp" />
    <ClCompile Include="B785.cpp" />
    <ClCompile Include="C785.cpp" />
    <ClCompile Include="D785.cpp" />
    <ClCompile Include="A791.cpp" />
    <ClCompile Include="B791.cpp" />
    <ClCompile Include="ReverseKLL.cpp" />
    <ClCompile Include="A787.cpp" />
    <ClCompile Include="B787.cpp" />
    <ClCompile Include="Round22Q1.cpp" />
    <ClCompile Include="Round22Q2.cpp" />
    <ClCompile Include="Round22Q3.cpp" />
    <ClCompile Include="Round22Q4.cpp" />
    <ClCompile Include="C787NOTCOMPLETE.cpp" />
    <ClCompile Include="A796.cpp" />
    <ClCompile Include="B796.cpp" />
    <ClCompile Include="C796.cpp" />
    <ClCompile Include="D796.cpp" />
    <ClCompile Include="A797.cpp" />
    <ClCompile Include="B797.cpp" />
    <ClCompile Include="A801.cpp" />
    <ClCompile Include="B801.cpp" />
    <ClCompile Include="C801.cpp" />
    <ClCompile Include="A798.cpp" />
    <ClCompile Include="B798.cpp" />
    <ClCompile Include="A805.cpp" />
    <ClCompile Include="C798NOTCOMPLETE.cpp" />
    <ClCompile Include="B805.cpp" />
    <ClCompile Include="C805.cpp" />
  </ItemGroup>
</Project>